
Microsoft Visual Studio Solution File, Format Version 12.00
# Visual Studio 15
VisualStudioVersion = 15.0.27004.2002
MinimumVisualStudioVersion = 10.0.40219.1
Project("{FAE04EC0-301F-11D3-BF4B-00C04F79EFBC}") = "H2SQLTest", "H2SQLTest\H2SQLTest.csproj", "{5672C8E9-9740-40C6-A5BD-8AF9864547C0}"
EndProject
Global
	GlobalSection(SolutionConfigurationPlatforms) = preSolution
		Debug|Any CPU = Debug|Any CPU
		Release|Any CPU = Release|Any CPU
	EndGlobalSection
	GlobalSection(ProjectConfigurationPlatforms) = postSolution
		{5672C8E9-9740-40C6-A5BD-8AF9864547C0}.Debug|Any CPU.ActiveCfg = Debug|Any CPU
		{5672C8E9-9740-40C6-A5BD-8AF9864547C0}.Debug|Any CPU.Build.0 = Debug|Any CPU
		{5672C8E9-9740-40C6-A5BD-8AF9864547C0}.Release|Any CPU.ActiveCfg = Release|Any CPU
		{5672C8E9-9740-40C6-A5BD-8AF9864547C0}.Release|Any CPU.Build.0 = Release|Any CPU
	EndGlobalSection
	GlobalSection(SolutionProperties) = preSolution
		HideSolutionNode = FALSE
	EndGlobalSection
	GlobalSection(ExtensibilityGlobals) = postSolution
		SolutionGuid = {7D47C012-8455-41DD-9D7E-48E8BBFDCC0E}
	EndGlobalSection
EndGlobal
